{
  "name": "js-example",
  "version": "1.0.0",
  "lockfileVersion": 3,
  "requires": true,
  "packages": {
    "": {
      "name": "js-example",
      "version": "1.0.0",
      "license": "ISC",
      "dependencies": {
        "@arcgis/core": "^4.27.6",
        "vite": "^4.4.7"
      }
    },
    "node_modules/@arcgis/core": {
      "version": "4.27.6",
      "resolved": "https://registry.npmjs.org/@arcgis/core/-/core-4.27.6.tgz",
      "integrity": "sha512-Pdz8Y1hHpQm2LKkJUGNrag2o2pQ9Pe8KHjywWb+TOJcfqM8L2UQBLmtUGY26VmfMwT/FfnUfNJ7HhYzHi5ef0w==",
      "dependencies": {
        "@esri/arcgis-html-sanitizer": "~3.0.1",
        "@esri/calcite-colors": "~6.1.0",
        "@esri/calcite-components": "^1.4.2",
        "@popperjs/core": "~2.11.7",
        "focus-trap": "~7.4.3",
        "luxon": "~3.3.0",
        "sortablejs": "~1.15.0"
      }
    },
    "node_modules/@esbuild/android-arm": {
      "version": "0.18.14",
      "resolved": "https://registry.npmjs.org/@esbuild/android-arm/-/android-arm-0.18.14.tgz",
      "integrity": "sha512-blODaaL+lngG5bdK/t4qZcQvq2BBqrABmYwqPPcS5VRxrCSGHb9R/rA3fqxh7R18I7WU4KKv+NYkt22FDfalcg==",
      "cpu": [
        "arm"
      ],
      "optional": true,
      "os": [
        "android"
      ],
      "engines": {
        "node": ">=12"
      }
    },
    "node_modules/@esbuild/android-arm64": {
      "version": "0.18.14",
      "resolved": "https://registry.npmjs.org/@esbuild/android-arm64/-/android-arm64-0.18.14.tgz",
      "integrity": "sha512-rZ2v+Luba5/3D6l8kofWgTnqE+qsC/L5MleKIKFyllHTKHrNBMqeRCnZI1BtRx8B24xMYxeU32iIddRQqMsOsg==",
      "cpu": [
        "arm64"
      ],
      "optional": true,
      "os": [
        "android"
      ],
      "engines": {
        "node": ">=12"
      }
    },
    "node_modules/@esbuild/android-x64": {
      "version": "0.18.14",
      "resolved": "https://registry.npmjs.org/@esbuild/android-x64/-/android-x64-0.18.14.tgz",
      "integrity": "sha512-qSwh8y38QKl+1Iqg+YhvCVYlSk3dVLk9N88VO71U4FUjtiSFylMWK3Ugr8GC6eTkkP4Tc83dVppt2n8vIdlSGg==",
      "cpu": [
        "x64"
      ],
      "optional": true,
      "os": [
        "android"
      ],
      "engines": {
        "node": ">=12"
      }
    },
    "node_modules/@esbuild/darwin-arm64": {
      "version": "0.18.14",
      "resolved": "https://registry.npmjs.org/@esbuild/darwin-arm64/-/darwin-arm64-0.18.14.tgz",
      "integrity": "sha512-9Hl2D2PBeDYZiNbnRKRWuxwHa9v5ssWBBjisXFkVcSP5cZqzZRFBUWEQuqBHO4+PKx4q4wgHoWtfQ1S7rUqJ2Q==",
      "cpu": [
        "arm64"
      ],
      "optional": true,
      "os": [
        "darwin"
      ],
      "engines": {
        "node": ">=12"
      }
    },
    "node_modules/@esbuild/darwin-x64": {
      "version": "0.18.14",
      "resolved": "https://registry.npmjs.org/@esbuild/darwin-x64/-/darwin-x64-0.18.14.tgz",
      "integrity": "sha512-ZnI3Dg4ElQ6tlv82qLc/UNHtFsgZSKZ7KjsUNAo1BF1SoYDjkGKHJyCrYyWjFecmXpvvG/KJ9A/oe0H12odPLQ==",
      "cpu": [
        "x64"
      ],
      "optional": true,
      "os": [
        "darwin"
      ],
      "engines": {
        "node": ">=12"
      }
    },
    "node_modules/@esbuild/freebsd-arm64": {
      "version": "0.18.14",
      "resolved": "https://registry.npmjs.org/@esbuild/freebsd-arm64/-/freebsd-arm64-0.18.14.tgz",
      "integrity": "sha512-h3OqR80Da4oQCIa37zl8tU5MwHQ7qgPV0oVScPfKJK21fSRZEhLE4IIVpmcOxfAVmqjU6NDxcxhYaM8aDIGRLw==",
      "cpu": [
        "arm64"
      ],
      "optional": true,
      "os": [
        "freebsd"
      ],
      "engines": {
        "node": ">=12"
      }
    },
    "node_modules/@esbuild/freebsd-x64": {
      "version": "0.18.14",
      "resolved": "https://registry.npmjs.org/@esbuild/freebsd-x64/-/freebsd-x64-0.18.14.tgz",
      "integrity": "sha512-ha4BX+S6CZG4BoH9tOZTrFIYC1DH13UTCRHzFc3GWX74nz3h/N6MPF3tuR3XlsNjMFUazGgm35MPW5tHkn2lzQ==",
      "cpu": [
        "x64"
      ],
      "optional": true,
      "os": [
        "freebsd"
      ],
      "engines": {
        "node": ">=12"
      }
    },
    "node_modules/@esbuild/linux-arm": {
      "version": "0.18.14",
      "resolved": "https://registry.npmjs.org/@esbuild/linux-arm/-/linux-arm-0.18.14.tgz",
      "integrity": "sha512-5+7vehI1iqru5WRtJyU2XvTOvTGURw3OZxe3YTdE9muNNIdmKAVmSHpB3Vw2LazJk2ifEdIMt/wTWnVe5V98Kg==",
      "cpu": [
        "arm"
      ],
      "optional": true,
      "os": [
        "linux"
      ],
      "engines": {
        "node": ">=12"
      }
    },
    "node_modules/@esbuild/linux-arm64": {
      "version": "0.18.14",
      "resolved": "https://registry.npmjs.org/@esbuild/linux-arm64/-/linux-arm64-0.18.14.tgz",
      "integrity": "sha512-IXORRe22In7U65NZCzjwAUc03nn8SDIzWCnfzJ6t/8AvGx5zBkcLfknI+0P+hhuftufJBmIXxdSTbzWc8X/V4w==",
      "cpu": [
        "arm64"
      ],
      "optional": true,
      "os": [
        "linux"
      ],
      "engines": {
        "node": ">=12"
      }
    },
    "node_modules/@esbuild/linux-ia32": {
      "version": "0.18.14",
      "resolved": "https://registry.npmjs.org/@esbuild/linux-ia32/-/linux-ia32-0.18.14.tgz",
      "integrity": "sha512-BfHlMa0nibwpjG+VXbOoqJDmFde4UK2gnW351SQ2Zd4t1N3zNdmUEqRkw/srC1Sa1DRBE88Dbwg4JgWCbNz/FQ==",
      "cpu": [
        "ia32"
      ],
      "optional": true,
      "os": [
        "linux"
      ],
      "engines": {
        "node": ">=12"
      }
    },
    "node_modules/@esbuild/linux-loong64": {
      "version": "0.18.14",
      "resolved": "https://registry.npmjs.org/@esbuild/linux-loong64/-/linux-loong64-0.18.14.tgz",
      "integrity": "sha512-j2/Ex++DRUWIAaUDprXd3JevzGtZ4/d7VKz+AYDoHZ3HjJzCyYBub9CU1wwIXN+viOP0b4VR3RhGClsvyt/xSw==",
      "cpu": [
        "loong64"
      ],
      "optional": true,
      "os": [
        "linux"
      ],
      "engines": {
        "node": ">=12"
      }
    },
    "node_modules/@esbuild/linux-mips64el": {
      "version": "0.18.14",
      "resolved": "https://registry.npmjs.org/@esbuild/linux-mips64el/-/linux-mips64el-0.18.14.tgz",
      "integrity": "sha512-qn2+nc+ZCrJmiicoAnJXJJkZWt8Nwswgu1crY7N+PBR8ChBHh89XRxj38UU6Dkthl2yCVO9jWuafZ24muzDC/A==",
      "cpu": [
        "mips64el"
      ],
      "optional": true,
      "os": [
        "linux"
      ],
      "engines": {
        "node": ">=12"
      }
    },
    "node_modules/@esbuild/linux-ppc64": {
      "version": "0.18.14",
      "resolved": "https://registry.npmjs.org/@esbuild/linux-ppc64/-/linux-ppc64-0.18.14.tgz",
      "integrity": "sha512-aGzXzd+djqeEC5IRkDKt3kWzvXoXC6K6GyYKxd+wsFJ2VQYnOWE954qV2tvy5/aaNrmgPTb52cSCHFE+Z7Z0yg==",
      "cpu": [
        "ppc64"
      ],
      "optional": true,
      "os": [
        "linux"
      ],
      "engines": {
        "node": ">=12"
      }
    },
    "node_modules/@esbuild/linux-riscv64": {
      "version": "0.18.14",
      "resolved": "https://registry.npmjs.org/@esbuild/linux-riscv64/-/linux-riscv64-0.18.14.tgz",
      "integrity": "sha512-8C6vWbfr0ygbAiMFLS6OPz0BHvApkT2gCboOGV76YrYw+sD/MQJzyITNsjZWDXJwPu9tjrFQOVG7zijRzBCnLw==",
      "cpu": [
        "riscv64"
      ],
      "optional": true,
      "os": [
        "linux"
      ],
      "engines": {
        "node": ">=12"
      }
    },
    "node_modules/@esbuild/linux-s390x": {
      "version": "0.18.14",
      "resolved": "https://registry.npmjs.org/@esbuild/linux-s390x/-/linux-s390x-0.18.14.tgz",
      "integrity": "sha512-G/Lf9iu8sRMM60OVGOh94ZW2nIStksEcITkXdkD09/T6QFD/o+g0+9WVyR/jajIb3A0LvBJ670tBnGe1GgXMgw==",
      "cpu": [
        "s390x"
      ],
      "optional": true,
      "os": [
        "linux"
      ],
      "engines": {
        "node": ">=12"
      }
    },
    "node_modules/@esbuild/linux-x64": {
      "version": "0.18.14",
      "resolved": "https://registry.npmjs.org/@esbuild/linux-x64/-/linux-x64-0.18.14.tgz",
      "integrity": "sha512-TBgStYBQaa3EGhgqIDM+ECnkreb0wkcKqL7H6m+XPcGUoU4dO7dqewfbm0mWEQYH3kzFHrzjOFNpSAVzDZRSJw==",
      "cpu": [
        "x64"
      ],
      "optional": true,
      "os": [
        "linux"
      ],
      "engines": {
        "node": ">=12"
      }
    },
    "node_modules/@esbuild/netbsd-x64": {
      "version": "0.18.14",
      "resolved": "https://registry.npmjs.org/@esbuild/netbsd-x64/-/netbsd-x64-0.18.14.tgz",
      "integrity": "sha512-stvCcjyCQR2lMTroqNhAbvROqRjxPEq0oQ380YdXxA81TaRJEucH/PzJ/qsEtsHgXlWFW6Ryr/X15vxQiyRXVg==",
      "cpu": [
        "x64"
      ],
      "optional": true,
      "os": [
        "netbsd"
      ],
      "engines": {
        "node": ">=12"
      }
    },
    "node_modules/@esbuild/openbsd-x64": {
      "version": "0.18.14",
      "resolved": "https://registry.npmjs.org/@esbuild/openbsd-x64/-/openbsd-x64-0.18.14.tgz",
      "integrity": "sha512-apAOJF14CIsN5ht1PA57PboEMsNV70j3FUdxLmA2liZ20gEQnfTG5QU0FhENo5nwbTqCB2O3WDsXAihfODjHYw==",
      "cpu": [
        "x64"
      ],
      "optional": true,
      "os": [
        "openbsd"
      ],
      "engines": {
        "node": ">=12"
      }
    },
    "node_modules/@esbuild/sunos-x64": {
      "version": "0.18.14",
      "resolved": "https://registry.npmjs.org/@esbuild/sunos-x64/-/sunos-x64-0.18.14.tgz",
      "integrity": "sha512-fYRaaS8mDgZcGybPn2MQbn1ZNZx+UXFSUoS5Hd2oEnlsyUcr/l3c6RnXf1bLDRKKdLRSabTmyCy7VLQ7VhGdOQ==",
      "cpu": [
        "x64"
      ],
      "optional": true,
      "os": [
        "sunos"
      ],
      "engines": {
        "node": ">=12"
      }
    },
    "node_modules/@esbuild/win32-arm64": {
      "version": "0.18.14",
      "resolved": "https://registry.npmjs.org/@esbuild/win32-arm64/-/win32-arm64-0.18.14.tgz",
      "integrity": "sha512-1c44RcxKEJPrVj62XdmYhxXaU/V7auELCmnD+Ri+UCt+AGxTvzxl9uauQhrFso8gj6ZV1DaORV0sT9XSHOAk8Q==",
      "cpu": [
        "arm64"
      ],
      "optional": true,
      "os": [
        "win32"
      ],
      "engines": {
        "node": ">=12"
      }
    },
    "node_modules/@esbuild/win32-ia32": {
      "version": "0.18.14",
      "resolved": "https://registry.npmjs.org/@esbuild/win32-ia32/-/win32-ia32-0.18.14.tgz",
      "integrity": "sha512-EXAFttrdAxZkFQmpvcAQ2bywlWUsONp/9c2lcfvPUhu8vXBBenCXpoq9YkUvVP639ld3YGiYx0YUQ6/VQz3Maw==",
      "cpu": [
        "ia32"
      ],
      "optional": true,
      "os": [
        "win32"
      ],
      "engines": {
        "node": ">=12"
      }
    },
    "node_modules/@esbuild/win32-x64": {
      "version": "0.18.14",
      "resolved": "https://registry.npmjs.org/@esbuild/win32-x64/-/win32-x64-0.18.14.tgz",
      "integrity": "sha512-K0QjGbcskx+gY+qp3v4/940qg8JitpXbdxFhRDA1aYoNaPff88+aEwoq45aqJ+ogpxQxmU0ZTjgnrQD/w8iiUg==",
      "cpu": [
        "x64"
      ],
      "optional": true,
      "os": [
        "win32"
      ],
      "engines": {
        "node": ">=12"
      }
    },
    "node_modules/@esri/arcgis-html-sanitizer": {
      "version": "3.0.1",
      "resolved": "https://registry.npmjs.org/@esri/arcgis-html-sanitizer/-/arcgis-html-sanitizer-3.0.1.tgz",
      "integrity": "sha512-cwZJwsYCJZwtBQU2AmaiIVFg5nZcVwInPYja1/OgC9iKYO+ytZRoc5h+0S9/ygbFNoS8Nd0RX9A85stLX/BgiA==",
      "dependencies": {
        "xss": "1.0.13"
      }
    },
    "node_modules/@esri/calcite-colors": {
      "version": "6.1.0",
      "resolved": "https://registry.npmjs.org/@esri/calcite-colors/-/calcite-colors-6.1.0.tgz",
      "integrity": "sha512-wHQYWFtDa6c328EraXEVZvgOiaQyYr0yuaaZ0G3cB4C3lSkWefW34L/e5TLAhtuG3zJ/wR6pl5X1YYNfBc0/4Q=="
    },
    "node_modules/@esri/calcite-components": {
      "version": "1.4.3",
      "resolved": "https://registry.npmjs.org/@esri/calcite-components/-/calcite-components-1.4.3.tgz",
      "integrity": "sha512-3Yj0ZBOPBCIEp+YPJTM0C6cBmbxFXXsG9a6yv0DKxkaERj7te+hb3DQ1fVbG/lQsMLOdrQHiE70zdXSzMKvKCg==",
      "dependencies": {
        "@floating-ui/dom": "1.4.1",
        "@stencil/core": "2.22.3",
        "@types/color": "3.0.3",
        "color": "4.2.3",
        "composed-offset-position": "0.0.4",
        "dayjs": "1.11.8",
        "focus-trap": "7.4.3",
        "form-request-submit-polyfill": "2.0.0",
        "lodash-es": "4.17.21",
        "sortablejs": "1.15.0"
      }
    },
    "node_modules/@floating-ui/core": {
      "version": "1.3.1",
      "resolved": "https://registry.npmjs.org/@floating-ui/core/-/core-1.3.1.tgz",
      "integrity": "sha512-Bu+AMaXNjrpjh41znzHqaz3r2Nr8hHuHZT6V2LBKMhyMl0FgKA62PNYbqnfgmzOhoWZj70Zecisbo4H1rotP5g=="
    },
    "node_modules/@floating-ui/dom": {
      "version": "1.4.1",
      "resolved": "https://registry.npmjs.org/@floating-ui/dom/-/dom-1.4.1.tgz",
      "integrity": "sha512-loCXUOLzIC3jp50RFOKXZ/kQjjz26ryr/23M+FWG9jrmAv8lRf3DUfC2AiVZ3+K316GOhB08CR+Povwz8e9mDw==",
      "dependencies": {
        "@floating-ui/core": "^1.3.1"
      }
    },
    "node_modules/@popperjs/core": {
      "version": "2.11.8",
      "resolved": "https://registry.npmjs.org/@popperjs/core/-/core-2.11.8.tgz",
      "integrity": "sha512-P1st0aksCrn9sGZhp8GMYwBnQsbvAWsZAX44oXNNvLHGqAOcoVxmjZiohstwQ7SqKnbR47akdNi+uleWD8+g6A==",
      "funding": {
        "type": "opencollective",
        "url": "https://opencollective.com/popperjs"
      }
    },
    "node_modules/@stencil/core": {
      "version": "2.22.3",
      "resolved": "https://registry.npmjs.org/@stencil/core/-/core-2.22.3.tgz",
      "integrity": "sha512-kmVA0M/HojwsfkeHsifvHVIYe4l5tin7J5+DLgtl8h6WWfiMClND5K3ifCXXI2ETDNKiEk21p6jql3Fx9o2rng==",
      "bin": {
        "stencil": "bin/stencil"
      },
      "engines": {
        "node": ">=12.10.0",
        "npm": ">=6.0.0"
      }
    },
    "node_modules/@types/color": {
      "version": "3.0.3",
      "resolved": "https://registry.npmjs.org/@types/color/-/color-3.0.3.tgz",
      "integrity": "sha512-X//qzJ3d3Zj82J9sC/C18ZY5f43utPbAJ6PhYt/M7uG6etcF6MRpKdN880KBy43B0BMzSfeT96MzrsNjFI3GbA==",
      "dependencies": {
        "@types/color-convert": "*"
      }
    },
    "node_modules/@types/color-convert": {
      "version": "2.0.0",
      "resolved": "https://registry.npmjs.org/@types/color-convert/-/color-convert-2.0.0.tgz",
      "integrity": "sha512-m7GG7IKKGuJUXvkZ1qqG3ChccdIM/qBBo913z+Xft0nKCX4hAU/IxKwZBU4cpRZ7GS5kV4vOblUkILtSShCPXQ==",
      "dependencies": {
        "@types/color-name": "*"
      }
    },
    "node_modules/@types/color-name": {
      "version": "1.1.1",
      "resolved": "https://registry.npmjs.org/@types/color-name/-/color-name-1.1.1.tgz",
      "integrity": "sha512-rr+OQyAjxze7GgWrSaJwydHStIhHq2lvY3BOC2Mj7KnzI7XK0Uw1TOOdI9lDoajEbSWLiYgoo4f1R51erQfhPQ=="
    },
    "node_modules/color": {
      "version": "4.2.3",
      "resolved": "https://registry.npmjs.org/color/-/color-4.2.3.tgz",
      "integrity": "sha512-1rXeuUUiGGrykh+CeBdu5Ie7OJwinCgQY0bc7GCRxy5xVHy+moaqkpL/jqQq0MtQOeYcrqEz4abc5f0KtU7W4A==",
      "dependencies": {
        "color-convert": "^2.0.1",
        "color-string": "^1.9.0"
      },
      "engines": {
        "node": ">=12.5.0"
      }
    },
    "node_modules/color-convert": {
      "version": "2.0.1",
      "resolved": "https://registry.npmjs.org/color-convert/-/color-convert-2.0.1.tgz",
      "integrity": "sha512-RRECPsj7iu/xb5oKYcsFHSppFNnsj/52OVTRKb4zP5onXwVF3zVmmToNcOfGC+CRDpfK/U584fMg38ZHCaElKQ==",
      "dependencies": {
        "color-name": "~1.1.4"
      },
      "engines": {
        "node": ">=7.0.0"
      }
    },
    "node_modules/color-name": {
      "version": "1.1.4",
      "resolved": "https://registry.npmjs.org/color-name/-/color-name-1.1.4.tgz",
      "integrity": "sha512-dOy+3AuW3a2wNbZHIuMZpTcgjGuLU/uBL/ubcZF9OXbDo8ff4O8yVp5Bf0efS8uEoYo5q4Fx7dY9OgQGXgAsQA=="
    },
    "node_modules/color-string": {
      "version": "1.9.1",
      "resolved": "https://registry.npmjs.org/color-string/-/color-string-1.9.1.tgz",
      "integrity": "sha512-shrVawQFojnZv6xM40anx4CkoDP+fZsw/ZerEMsW/pyzsRbElpsL/DBVW7q3ExxwusdNXI3lXpuhEZkzs8p5Eg==",
      "dependencies": {
        "color-name": "^1.0.0",
        "simple-swizzle": "^0.2.2"
      }
    },
    "node_modules/commander": {
      "version": "2.20.3",
      "resolved": "https://registry.npmjs.org/commander/-/commander-2.20.3.tgz",
      "integrity": "sha512-GpVkmM8vF2vQUkj2LvZmD35JxeJOLCwJ9cUkugyk2nuhbv3+mJvpLYYt+0+USMxE+oj+ey/lJEnhZw75x/OMcQ=="
    },
    "node_modules/composed-offset-position": {
      "version": "0.0.4",
      "resolved": "https://registry.npmjs.org/composed-offset-position/-/composed-offset-position-0.0.4.tgz",
      "integrity": "sha512-vMlvu1RuNegVE0YsCDSV/X4X10j56mq7PCIyOKK74FxkXzGLwhOUmdkJLSdOBOMwWycobGUMgft2lp+YgTe8hw=="
    },
    "node_modules/cssfilter": {
      "version": "0.0.10",
      "resolved": "https://registry.npmjs.org/cssfilter/-/cssfilter-0.0.10.tgz",
      "integrity": "sha512-FAaLDaplstoRsDR8XGYH51znUN0UY7nMc6Z9/fvE8EXGwvJE9hu7W2vHwx1+bd6gCYnln9nLbzxFTrcO9YQDZw=="
    },
    "node_modules/dayjs": {
      "version": "1.11.8",
      "resolved": "https://registry.npmjs.org/dayjs/-/dayjs-1.11.8.tgz",
      "integrity": "sha512-LcgxzFoWMEPO7ggRv1Y2N31hUf2R0Vj7fuy/m+Bg1K8rr+KAs1AEy4y9jd5DXe8pbHgX+srkHNS7TH6Q6ZhYeQ=="
    },
    "node_modules/esbuild": {
      "version": "0.18.14",
      "resolved": "https://registry.npmjs.org/esbuild/-/esbuild-0.18.14.tgz",
      "integrity": "sha512-uNPj5oHPYmj+ZhSQeYQVFZ+hAlJZbAGOmmILWIqrGvPVlNLbyOvU5Bu6Woi8G8nskcx0vwY0iFoMPrzT86Ko+w==",
      "hasInstallScript": true,
      "bin": {
        "esbuild": "bin/esbuild"
      },
      "engines": {
        "node": ">=12"
      },
      "optionalDependencies": {
        "@esbuild/android-arm": "0.18.14",
        "@esbuild/android-arm64": "0.18.14",
        "@esbuild/android-x64": "0.18.14",
        "@esbuild/darwin-arm64": "0.18.14",
        "@esbuild/darwin-x64": "0.18.14",
        "@esbuild/freebsd-arm64": "0.18.14",
        "@esbuild/freebsd-x64": "0.18.14",
        "@esbuild/linux-arm": "0.18.14",
        "@esbuild/linux-arm64": "0.18.14",
        "@esbuild/linux-ia32": "0.18.14",
        "@esbuild/linux-loong64": "0.18.14",
        "@esbuild/linux-mips64el": "0.18.14",
        "@esbuild/linux-ppc64": "0.18.14",
        "@esbuild/linux-riscv64": "0.18.14",
        "@esbuild/linux-s390x": "0.18.14",
        "@esbuild/linux-x64": "0.18.14",
        "@esbuild/netbsd-x64": "0.18.14",
        "@esbuild/openbsd-x64": "0.18.14",
        "@esbuild/sunos-x64": "0.18.14",
        "@esbuild/win32-arm64": "0.18.14",
        "@esbuild/win32-ia32": "0.18.14",
        "@esbuild/win32-x64": "0.18.14"
      }
    },
    "node_modules/focus-trap": {
      "version": "7.4.3",
      "resolved": "https://registry.npmjs.org/focus-trap/-/focus-trap-7.4.3.tgz",
      "integrity": "sha512-BgSSbK4GPnS2VbtZ50VtOv1Sti6DIkj3+LkVjiWMNjLeAp1SH1UlLx3ULu/DCu4vq5R4/uvTm+zrvsMsuYmGLg==",
      "dependencies": {
        "tabbable": "^6.1.2"
      }
    },
    "node_modules/form-request-submit-polyfill": {
      "version": "2.0.0",
      "resolved": "https://registry.npmjs.org/form-request-submit-polyfill/-/form-request-submit-polyfill-2.0.0.tgz",
      "integrity": "sha512-p0+M92y2gFnP0AuuL8VJ0GYVzAT0bYp3GsSkmPFhvUopdnfDLP/9xplQTBBc4w8qOjKRzdK7GaFcdL9IhlXdTQ=="
    },
    "node_modules/fsevents": {
      "version": "2.3.2",
      "resolved": "https://registry.npmjs.org/fsevents/-/fsevents-2.3.2.tgz",
      "integrity": "sha512-xiqMQR4xAeHTuB9uWm+fFRcIOgKBMiOBP+eXiyT7jsgVCq1bkVygt00oASowB7EdtpOHaaPgKt812P9ab+DDKA==",
      "hasInstallScript": true,
      "optional": true,
      "os": [
        "darwin"
      ],
      "engines": {
        "node": "^8.16.0 || ^10.6.0 || >=11.0.0"
      }
    },
    "node_modules/is-arrayish": {
      "version": "0.3.2",
      "resolved": "https://registry.npmjs.org/is-arrayish/-/is-arrayish-0.3.2.tgz",
      "integrity": "sha512-eVRqCvVlZbuw3GrM63ovNSNAeA1K16kaR/LRY/92w0zxQ5/1YzwblUX652i4Xs9RwAGjW9d9y6X88t8OaAJfWQ=="
    },
    "node_modules/lodash-es": {
      "version": "4.17.21",
      "resolved": "https://registry.npmjs.org/lodash-es/-/lodash-es-4.17.21.tgz",
      "integrity": "sha512-mKnC+QJ9pWVzv+C4/U3rRsHapFfHvQFoFB92e52xeyGMcX6/OlIl78je1u8vePzYZSkkogMPJ2yjxxsb89cxyw=="
    },
    "node_modules/luxon": {
      "version": "3.3.0",
      "resolved": "https://registry.npmjs.org/luxon/-/luxon-3.3.0.tgz",
      "integrity": "sha512-An0UCfG/rSiqtAIiBPO0Y9/zAnHUZxAMiCpTd5h2smgsj7GGmcenvrvww2cqNA8/4A5ZrD1gJpHN2mIHZQF+Mg==",
      "engines": {
        "node": ">=12"
      }
    },
    "node_modules/nanoid": {
      "version": "3.3.6",
      "resolved": "https://registry.npmjs.org/nanoid/-/nanoid-3.3.6.tgz",
      "integrity": "sha512-BGcqMMJuToF7i1rt+2PWSNVnWIkGCU78jBG3RxO/bZlnZPK2Cmi2QaffxGO/2RvWi9sL+FAiRiXMgsyxQ1DIDA==",
      "funding": [
        {
          "type": "github",
          "url": "https://github.com/sponsors/ai"
        }
      ],
      "bin": {
        "nanoid": "bin/nanoid.cjs"
      },
      "engines": {
        "node": "^10 || ^12 || ^13.7 || ^14 || >=15.0.1"
      }
    },
    "node_modules/picocolors": {
      "version": "1.0.0",
      "resolved": "https://registry.npmjs.org/picocolors/-/picocolors-1.0.0.tgz",
      "integrity": "sha512-1fygroTLlHu66zi26VoTDv8yRgm0Fccecssto+MhsZ0D/DGW2sm8E8AjW7NU5VVTRt5GxbeZ5qBuJr+HyLYkjQ=="
    },
    "node_modules/postcss": {
      "version": "8.4.26",
      "resolved": "https://registry.npmjs.org/postcss/-/postcss-8.4.26.tgz",
      "integrity": "sha512-jrXHFF8iTloAenySjM/ob3gSj7pCu0Ji49hnjqzsgSRa50hkWCKD0HQ+gMNJkW38jBI68MpAAg7ZWwHwX8NMMw==",
      "funding": [
        {
          "type": "opencollective",
          "url": "https://opencollective.com/postcss/"
        },
        {
          "type": "tidelift",
          "url": "https://tidelift.com/funding/github/npm/postcss"
        },
        {
          "type": "github",
          "url": "https://github.com/sponsors/ai"
        }
      ],
      "dependencies": {
        "nanoid": "^3.3.6",
        "picocolors": "^1.0.0",
        "source-map-js": "^1.0.2"
      },
      "engines": {
        "node": "^10 || ^12 || >=14"
      }
    },
    "node_modules/rollup": {
      "version": "3.26.3",
      "resolved": "https://registry.npmjs.org/rollup/-/rollup-3.26.3.tgz",
      "integrity": "sha512-7Tin0C8l86TkpcMtXvQu6saWH93nhG3dGQ1/+l5V2TDMceTxO7kDiK6GzbfLWNNxqJXm591PcEZUozZm51ogwQ==",
      "bin": {
        "rollup": "dist/bin/rollup"
      },
      "engines": {
        "node": ">=14.18.0",
        "npm": ">=8.0.0"
      },
      "optionalDependencies": {
        "fsevents": "~2.3.2"
      }
    },
    "node_modules/simple-swizzle": {
      "version": "0.2.2",
      "resolved": "https://registry.npmjs.org/simple-swizzle/-/simple-swizzle-0.2.2.tgz",
      "integrity": "sha512-JA//kQgZtbuY83m+xT+tXJkmJncGMTFT+C+g2h2R9uxkYIrE2yy9sgmcLhCnw57/WSD+Eh3J97FPEDFnbXnDUg==",
      "dependencies": {
        "is-arrayish": "^0.3.1"
      }
    },
    "node_modules/sortablejs": {
      "version": "1.15.0",
      "resolved": "https://registry.npmjs.org/sortablejs/-/sortablejs-1.15.0.tgz",
      "integrity": "sha512-bv9qgVMjUMf89wAvM6AxVvS/4MX3sPeN0+agqShejLU5z5GX4C75ow1O2e5k4L6XItUyAK3gH6AxSbXrOM5e8w=="
    },
    "node_modules/source-map-js": {
      "version": "1.0.2",
      "resolved": "https://registry.npmjs.org/source-map-js/-/source-map-js-1.0.2.tgz",
      "integrity": "sha512-R0XvVJ9WusLiqTCEiGCmICCMplcCkIwwR11mOSD9CR5u+IXYdiseeEuXCVAjS54zqwkLcPNnmU4OeJ6tUrWhDw==",
      "engines": {
        "node": ">=0.10.0"
      }
    },
    "node_modules/tabbable": {
      "version": "6.2.0",
      "resolved": "https://registry.npmjs.org/tabbable/-/tabbable-6.2.0.tgz",
      "integrity": "sha512-Cat63mxsVJlzYvN51JmVXIgNoUokrIaT2zLclCXjRd8boZ0004U4KCs/sToJ75C6sdlByWxpYnb5Boif1VSFew=="
    },
    "node_modules/vite": {
      "version": "4.4.7",
      "resolved": "https://registry.npmjs.org/vite/-/vite-4.4.7.tgz",
      "integrity": "sha512-6pYf9QJ1mHylfVh39HpuSfMPojPSKVxZvnclX1K1FyZ1PXDOcLBibdq5t1qxJSnL63ca8Wf4zts6mD8u8oc9Fw==",
      "dependencies": {
        "esbuild": "^0.18.10",
        "postcss": "^8.4.26",
        "rollup": "^3.25.2"
      },
      "bin": {
        "vite": "bin/vite.js"
      },
      "engines": {
        "node": "^14.18.0 || >=16.0.0"
      },
      "funding": {
        "url": "https://github.com/vitejs/vite?sponsor=1"
      },
      "optionalDependencies": {
        "fsevents": "~2.3.2"
      },
      "peerDependencies": {
        "@types/node": ">= 14",
        "less": "*",
        "lightningcss": "^1.21.0",
        "sass": "*",
        "stylus": "*",
        "sugarss": "*",
        "terser": "^5.4.0"
      },
      "peerDependenciesMeta": {
        "@types/node": {
          "optional": true
        },
        "less": {
          "optional": true
        },
        "lightningcss": {
          "optional": true
        },
        "sass": {
          "optional": true
        },
        "stylus": {
          "optional": true
        },
        "sugarss": {
          "optional": true
        },
        "terser": {
          "optional": true
        }
      }
    },
    "node_modules/xss": {
      "version": "1.0.13",
      "resolved": "https://registry.npmjs.org/xss/-/xss-1.0.13.tgz",
      "integrity": "sha512-clu7dxTm1e8Mo5fz3n/oW3UCXBfV89xZ72jM8yzo1vR/pIS0w3sgB3XV2H8Vm6zfGnHL0FzvLJPJEBhd86/z4Q==",
      "dependencies": {
        "commander": "^2.20.3",
        "cssfilter": "0.0.10"
      },
      "bin": {
        "xss": "bin/xss"
      },
      "engines": {
        "node": ">= 0.10.0"
      }
    }
  }
}
